
Microsoft Visual Studio Solution File, Format Version 12.00
# Visual Studio 15
VisualStudioVersion = 15.0.27130.2027
MinimumVisualStudioVersion = 10.0.40219.1
Project("{FAE04EC0-301F-11D3-BF4B-00C04F79EFBC}") = "FridgeWPF", "FridgeWPF\FridgeWPF.csproj", "{97E58E90-2EFA-4AFC-A57B-C88BF175B538}"
EndProject
Global
	GlobalSection(SolutionConfigurationPlatforms) = preSolution
		Debug|Any CPU = Debug|Any CPU
		Release|Any CPU = Release|Any CPU
	EndGlobalSection
	GlobalSection(ProjectConfigurationPlatforms) = postSolution
		{97E58E90-2EFA-4AFC-A57B-C88BF175B538}.Debug|Any CPU.ActiveCfg = Debug|Any CPU
		{97E58E90-2EFA-4AFC-A57B-C88BF175B538}.Debug|Any CPU.Build.0 = Debug|Any CPU
		{97E58E90-2EFA-4AFC-A57B-C88BF175B538}.Release|Any CPU.ActiveCfg = Release|Any CPU
		{97E58E90-2EFA-4AFC-A57B-C88BF175B538}.Release|Any CPU.Build.0 = Release|Any CPU
	EndGlobalSection
	GlobalSection(SolutionProperties) = preSolution
		HideSolutionNode = FALSE
	EndGlobalSection
	GlobalSection(ExtensibilityGlobals) = postSolution
		SolutionGuid = {042BB909-473D-4C82-A7A5-F36A2646604E}
	EndGlobalSection
EndGlobal
